
Microsoft Visual Studio Solution File, Format Version 12.00
# Visual Studio 15
VisualStudioVersion = 15.0.27428.2005
MinimumVisualStudioVersion = 10.0.40219.1
Project("{FAE04EC0-301F-11D3-BF4B-00C04F79EFBC}") = "ShopProject", "ShopProject\ShopProject.csproj", "{87830769-DCFC-4172-BD13-97FC34ED0028}"
EndProject
Global
	GlobalSection(SolutionConfigurationPlatforms) = preSolution
		Debug|Any CPU = Debug|Any CPU
		Release|Any CPU = Release|Any CPU
	EndGlobalSection
	GlobalSection(ProjectConfigurationPlatforms) = postSolution
		{87830769-DCFC-4172-BD13-97FC34ED0028}.Debug|Any CPU.ActiveCfg = Debug|Any CPU
		{87830769-DCFC-4172-BD13-97FC34ED0028}.Debug|Any CPU.Build.0 = Debug|Any CPU
		{87830769-DCFC-4172-BD13-97FC34ED0028}.Release|Any CPU.ActiveCfg = Release|Any CPU
		{87830769-DCFC-4172-BD13-97FC34ED0028}.Release|Any CPU.Build.0 = Release|Any CPU
	EndGlobalSection
	GlobalSection(SolutionProperties) = preSolution
		HideSolutionNode = FALSE
	EndGlobalSection
	GlobalSection(ExtensibilityGlobals) = postSolution
		SolutionGuid = {D97B9616-80DC-42FC-9206-7180F8D0C1F0}
	EndGlobalSection
EndGlobal
